
Microsoft Visual Studio Solution File, Format Version 12.00
# Visual Studio 2013
VisualStudioVersion = 12.0.30110.0
MinimumVisualStudioVersion = 10.0.40219.1
Project("{FAE04EC0-301F-11D3-BF4B-00C04F79EFBC}") = "IntroduceNsAlias7.1", "ReSharperIntroduceNsAlias7.1\IntroduceNsAlias7.1.csproj", "{CCB042EA-49B2-4481-AB44-35261073E47C}"
EndProject
Project("{FAE04EC0-301F-11D3-BF4B-00C04F79EFBC}") = "IntroduceNsAlias8.0", "ReSharperIntroduceNsAlias8.0\IntroduceNsAlias8.0.csproj", "{94680DC2-5A26-4779-A433-DF01AF5D8BB1}"
EndProject
Project("{FAE04EC0-301F-11D3-BF4B-00C04F79EFBC}") = "IntroduceNsAlias8.1", "ReSharperIntroduceNsAlias8.0\IntroduceNsAlias8.1.csproj", "{D7DC159D-29C4-493F-9FFC-60F2DF8CFCB7}"
EndProject
Project("{FAE04EC0-301F-11D3-BF4B-00C04F79EFBC}") = "NuPackage", "ReSharperIntroduceNsAlias8.0\NuPackage.csproj", "{31E8D05B-6DE6-4853-AFE2-2451C414A38B}"
EndProject
Project("{FAE04EC0-301F-11D3-BF4B-00C04F79EFBC}") = "IntroduceNsAlias8.2", "ReSharperIntroduceNsAlias8.0\IntroduceNsAlias8.2.csproj", "{3AC6D3B0-F7BA-4EA0-A91F-677B486365A1}"
EndProject
Global
	GlobalSection(SolutionConfigurationPlatforms) = preSolution
		Debug|Any CPU = Debug|Any CPU
		Release|Any CPU = Release|Any CPU
	EndGlobalSection
	GlobalSection(ProjectConfigurationPlatforms) = postSolution
		{CCB042EA-49B2-4481-AB44-35261073E47C}.Debug|Any CPU.ActiveCfg = Debug|Any CPU
		{CCB042EA-49B2-4481-AB44-35261073E47C}.Debug|Any CPU.Build.0 = Debug|Any CPU
		{CCB042EA-49B2-4481-AB44-35261073E47C}.Release|Any CPU.ActiveCfg = Release|Any CPU
		{CCB042EA-49B2-4481-AB44-35261073E47C}.Release|Any CPU.Build.0 = Release|Any CPU
		{94680DC2-5A26-4779-A433-DF01AF5D8BB1}.Debug|Any CPU.ActiveCfg = Debug|Any CPU
		{94680DC2-5A26-4779-A433-DF01AF5D8BB1}.Debug|Any CPU.Build.0 = Debug|Any CPU
		{94680DC2-5A26-4779-A433-DF01AF5D8BB1}.Release|Any CPU.ActiveCfg = Release|Any CPU
		{94680DC2-5A26-4779-A433-DF01AF5D8BB1}.Release|Any CPU.Build.0 = Release|Any CPU
		{D7DC159D-29C4-493F-9FFC-60F2DF8CFCB7}.Debug|Any CPU.ActiveCfg = Debug|Any CPU
		{D7DC159D-29C4-493F-9FFC-60F2DF8CFCB7}.Debug|Any CPU.Build.0 = Debug|Any CPU
		{D7DC159D-29C4-493F-9FFC-60F2DF8CFCB7}.Release|Any CPU.ActiveCfg = Release|Any CPU
		{D7DC159D-29C4-493F-9FFC-60F2DF8CFCB7}.Release|Any CPU.Build.0 = Release|Any CPU
		{31E8D05B-6DE6-4853-AFE2-2451C414A38B}.Debug|Any CPU.ActiveCfg = Debug|Any CPU
		{31E8D05B-6DE6-4853-AFE2-2451C414A38B}.Debug|Any CPU.Build.0 = Debug|Any CPU
		{31E8D05B-6DE6-4853-AFE2-2451C414A38B}.Release|Any CPU.ActiveCfg = Release|Any CPU
		{31E8D05B-6DE6-4853-AFE2-2451C414A38B}.Release|Any CPU.Build.0 = Release|Any CPU
		{3AC6D3B0-F7BA-4EA0-A91F-677B486365A1}.Debug|Any CPU.ActiveCfg = Debug|Any CPU
		{3AC6D3B0-F7BA-4EA0-A91F-677B486365A1}.Debug|Any CPU.Build.0 = Debug|Any CPU
		{3AC6D3B0-F7BA-4EA0-A91F-677B486365A1}.Release|Any CPU.ActiveCfg = Release|Any CPU
		{3AC6D3B0-F7BA-4EA0-A91F-677B486365A1}.Release|Any CPU.Build.0 = Release|Any CPU
	EndGlobalSection
	GlobalSection(SolutionProperties) = preSolution
		HideSolutionNode = FALSE
	EndGlobalSection
EndGlobal
